
Microsoft Visual Studio Solution File, Format Version 12.00
# Visual Studio Version 16
VisualStudioVersion = 16.0.30011.22
MinimumVisualStudioVersion = 10.0.40219.1
Project("{FAE04EC0-301F-11D3-BF4B-00C04F79EFBC}") = "WebApplication8", "WebApplication8\WebApplication8.csproj", "{70DA40D1-E7D5-41EE-956E-A32C716DBADA}"
EndProject
Global
	GlobalSection(SolutionConfigurationPlatforms) = preSolution
		Debug|Any CPU = Debug|Any CPU
		Release|Any CPU = Release|Any CPU
	EndGlobalSection
	GlobalSection(ProjectConfigurationPlatforms) = postSolution
		{70DA40D1-E7D5-41EE-956E-A32C716DBADA}.Debug|Any CPU.ActiveCfg = Debug|Any CPU
		{70DA40D1-E7D5-41EE-956E-A32C716DBADA}.Debug|Any CPU.Build.0 = Debug|Any CPU
		{70DA40D1-E7D5-41EE-956E-A32C716DBADA}.Release|Any CPU.ActiveCfg = Release|Any CPU
		{70DA40D1-E7D5-41EE-956E-A32C716DBADA}.Release|Any CPU.Build.0 = Release|Any CPU
	EndGlobalSection
	GlobalSection(SolutionProperties) = preSolution
		HideSolutionNode = FALSE
	EndGlobalSection
	GlobalSection(ExtensibilityGlobals) = postSolution
		SolutionGuid = {BE754321-5F0F-4783-A630-5221E580007E}
	EndGlobalSection
EndGlobal
